
Microsoft Visual Studio Solution File, Format Version 12.00
# Visual Studio 15
VisualStudioVersion = 15.0.27428.2037
MinimumVisualStudioVersion = 10.0.40219.1
Project("{FAE04EC0-301F-11D3-BF4B-00C04F79EFBC}") = "AppCocacolaNayMobiV2.Android", "AppCocacolaNayMobiV2\AppCocacolaNayMobiV2.Android\AppCocacolaNayMobiV2.Android.csproj", "{C062FC62-A600-4C66-8A93-83C1ACEB060D}"
EndProject
Project("{FAE04EC0-301F-11D3-BF4B-00C04F79EFBC}") = "AppCocacolaNayMobiV2.iOS", "AppCocacolaNayMobiV2\AppCocacolaNayMobiV2.iOS\AppCocacolaNayMobiV2.iOS.csproj", "{888E8D8C-14FF-4D3D-A5A0-1264CD6F1064}"
EndProject
Project("{FAE04EC0-301F-11D3-BF4B-00C04F79EFBC}") = "AppCocacolaNayMobiV2.UWP", "AppCocacolaNayMobiV2\AppCocacolaNayMobiV2.UWP\AppCocacolaNayMobiV2.UWP.csproj", "{E1435AF0-5749-44F8-8F32-1C930169E34D}"
EndProject
Project("{FAE04EC0-301F-11D3-BF4B-00C04F79EFBC}") = "AppCocacolaNayMobiV2", "AppCocacolaNayMobiV2\AppCocacolaNayMobiV2\AppCocacolaNayMobiV2.csproj", "{B3CC5640-2B1E-4828-A1E4-E914E5FFE361}"
EndProject
Global
	GlobalSection(SolutionConfigurationPlatforms) = preSolution
		Ad-Hoc|Any CPU = Ad-Hoc|Any CPU
		Ad-Hoc|ARM = Ad-Hoc|ARM
		Ad-Hoc|iPhone = Ad-Hoc|iPhone
		Ad-Hoc|iPhoneSimulator = Ad-Hoc|iPhoneSimulator
		Ad-Hoc|x64 = Ad-Hoc|x64
		Ad-Hoc|x86 = Ad-Hoc|x86
		AppStore|Any CPU = AppStore|Any CPU
		AppStore|ARM = AppStore|ARM
		AppStore|iPhone = AppStore|iPhone
		AppStore|iPhoneSimulator = AppStore|iPhoneSimulator
		AppStore|x64 = AppStore|x64
		AppStore|x86 = AppStore|x86
		Debug|Any CPU = Debug|Any CPU
		Debug|ARM = Debug|ARM
		Debug|iPhone = Debug|iPhone
		Debug|iPhoneSimulator = Debug|iPhoneSimulator
		Debug|x64 = Debug|x64
		Debug|x86 = Debug|x86
		Release|Any CPU = Release|Any CPU
		Release|ARM = Release|ARM
		Release|iPhone = Release|iPhone
		Release|iPhoneSimulator = Release|iPhoneSimulator
		Release|x64 = Release|x64
		Release|x86 = Release|x86
	EndGlobalSection
	GlobalSection(ProjectConfigurationPlatforms) = postSolution
		{C062FC62-A600-4C66-8A93-83C1ACEB060D}.Ad-Hoc|Any CPU.ActiveCfg = Release|Any CPU
		{C062FC62-A600-4C66-8A93-83C1ACEB060D}.Ad-Hoc|Any CPU.Build.0 = Release|Any CPU
		{C062FC62-A600-4C66-8A93-83C1ACEB060D}.Ad-Hoc|Any CPU.Deploy.0 = Release|Any CPU
		{C062FC62-A600-4C66-8A93-83C1ACEB060D}.Ad-Hoc|ARM.ActiveCfg = Release|Any CPU
		{C062FC62-A600-4C66-8A93-83C1ACEB060D}.Ad-Hoc|ARM.Build.0 = Release|Any CPU
		{C062FC62-A600-4C66-8A93-83C1ACEB060D}.Ad-Hoc|ARM.Deploy.0 = Release|Any CPU
		{C062FC62-A600-4C66-8A93-83C1ACEB060D}.Ad-Hoc|iPhone.ActiveCfg = Release|Any CPU
		{C062FC62-A600-4C66-8A93-83C1ACEB060D}.Ad-Hoc|iPhone.Build.0 = Release|Any CPU
		{C062FC62-A600-4C66-8A93-83C1ACEB060D}.Ad-Hoc|iPhone.Deploy.0 = Release|Any CPU
		{C062FC62-A600-4C66-8A93-83C1ACEB060D}.Ad-Hoc|iPhoneSimulator.ActiveCfg = Release|Any CPU
		{C062FC62-A600-4C66-8A93-83C1ACEB060D}.Ad-Hoc|iPhoneSimulator.Build.0 = Release|Any CPU
		{C062FC62-A600-4C66-8A93-83C1ACEB060D}.Ad-Hoc|iPhoneSimulator.Deploy.0 = Release|Any CPU
		{C062FC62-A600-4C66-8A93-83C1ACEB060D}.Ad-Hoc|x64.ActiveCfg = Release|Any CPU
		{C062FC62-A600-4C66-8A93-83C1ACEB060D}.Ad-Hoc|x64.Build.0 = Release|Any CPU
		{C062FC62-A600-4C66-8A93-83C1ACEB060D}.Ad-Hoc|x64.Deploy.0 = Release|Any CPU
		{C062FC62-A600-4C66-8A93-83C1ACEB060D}.Ad-Hoc|x86.ActiveCfg = Release|Any CPU
		{C062FC62-A600-4C66-8A93-83C1ACEB060D}.Ad-Hoc|x86.Build.0 = Release|Any CPU
		{C062FC62-A600-4C66-8A93-83C1ACEB060D}.Ad-Hoc|x86.Deploy.0 = Release|Any CPU
		{C062FC62-A600-4C66-8A93-83C1ACEB060D}.AppStore|Any CPU.ActiveCfg = Release|Any CPU
		{C062FC62-A600-4C66-8A93-83C1ACEB060D}.AppStore|Any CPU.Build.0 = Release|Any CPU
		{C062FC62-A600-4C66-8A93-83C1ACEB060D}.AppStore|Any CPU.Deploy.0 = Release|Any CPU
		{C062FC62-A600-4C66-8A93-83C1ACEB060D}.AppStore|ARM.ActiveCfg = Release|Any CPU
		{C062FC62-A600-4C66-8A93-83C1ACEB060D}.AppStore|ARM.Build.0 = Release|Any CPU
		{C062FC62-A600-4C66-8A93-83C1ACEB060D}.AppStore|ARM.Deploy.0 = Release|Any CPU
		{C062FC62-A600-4C66-8A93-83C1ACEB060D}.AppStore|iPhone.ActiveCfg = Release|Any CPU
		{C062FC62-A600-4C66-8A93-83C1ACEB060D}.AppStore|iPhone.Build.0 = Release|Any CPU
		{C062FC62-A600-4C66-8A93-83C1ACEB060D}.AppStore|iPhone.Deploy.0 = Release|Any CPU
		{C062FC62-A600-4C66-8A93-83C1ACEB060D}.AppStore|iPhoneSimulator.ActiveCfg = Release|Any CPU
		{C062FC62-A600-4C66-8A93-83C1ACEB060D}.AppStore|iPhoneSimulator.Build.0 = Release|Any CPU
		{C062FC62-A600-4C66-8A93-83C1ACEB060D}.AppStore|iPhoneSimulator.Deploy.0 = Release|Any CPU
		{C062FC62-A600-4C66-8A93-83C1ACEB060D}.AppStore|x64.ActiveCfg = Release|Any CPU
		{C062FC62-A600-4C66-8A93-83C1ACEB060D}.AppStore|x64.Build.0 = Release|Any CPU
		{C062FC62-A600-4C66-8A93-83C1ACEB060D}.AppStore|x64.Deploy.0 = Release|Any CPU
		{C062FC62-A600-4C66-8A93-83C1ACEB060D}.AppStore|x86.ActiveCfg = Release|Any CPU
		{C062FC62-A600-4C66-8A93-83C1ACEB060D}.AppStore|x86.Build.0 = Release|Any CPU
		{C062FC62-A600-4C66-8A93-83C1ACEB060D}.AppStore|x86.Deploy.0 = Release|Any CPU
		{C062FC62-A600-4C66-8A93-83C1ACEB060D}.Debug|Any CPU.ActiveCfg = Debug|Any CPU
		{C062FC62-A600-4C66-8A93-83C1ACEB060D}.Debug|Any CPU.Build.0 = Debug|Any CPU
		{C062FC62-A600-4C66-8A93-83C1ACEB060D}.Debug|Any CPU.Deploy.0 = Debug|Any CPU
		{C062FC62-A600-4C66-8A93-83C1ACEB060D}.Debug|ARM.ActiveCfg = Debug|Any CPU
		{C062FC62-A600-4C66-8A93-83C1ACEB060D}.Debug|ARM.Build.0 = Debug|Any CPU
		{C062FC62-A600-4C66-8A93-83C1ACEB060D}.Debug|ARM.Deploy.0 = Debug|Any CPU
		{C062FC62-A600-4C66-8A93-83C1ACEB060D}.Debug|iPhone.ActiveCfg = Debug|Any CPU
		{C062FC62-A600-4C66-8A93-83C1ACEB060D}.Debug|iPhone.Build.0 = Debug|Any CPU
		{C062FC62-A600-4C66-8A93-83C1ACEB060D}.Debug|iPhone.Deploy.0 = Debug|Any CPU
		{C062FC62-A600-4C66-8A93-83C1ACEB060D}.Debug|iPhoneSimulator.ActiveCfg = Debug|Any CPU
		{C062FC62-A600-4C66-8A93-83C1ACEB060D}.Debug|iPhoneSimulator.Build.0 = Debug|Any CPU
		{C062FC62-A600-4C66-8A93-83C1ACEB060D}.Debug|iPhoneSimulator.Deploy.0 = Debug|Any CPU
		{C062FC62-A600-4C66-8A93-83C1ACEB060D}.Debug|x64.ActiveCfg = Debug|Any CPU
		{C062FC62-A600-4C66-8A93-83C1ACEB060D}.Debug|x64.Build.0 = Debug|Any CPU
		{C062FC62-A600-4C66-8A93-83C1ACEB060D}.Debug|x64.Deploy.0 = Debug|Any CPU
		{C062FC62-A600-4C66-8A93-83C1ACEB060D}.Debug|x86.ActiveCfg = Debug|Any CPU
		{C062FC62-A600-4C66-8A93-83C1ACEB060D}.Debug|x86.Build.0 = Debug|Any CPU
		{C062FC62-A600-4C66-8A93-83C1ACEB060D}.Debug|x86.Deploy.0 = Debug|Any CPU
		{C062FC62-A600-4C66-8A93-83C1ACEB060D}.Release|Any CPU.ActiveCfg = Release|Any CPU
		{C062FC62-A600-4C66-8A93-83C1ACEB060D}.Release|Any CPU.Build.0 = Release|Any CPU
		{C062FC62-A600-4C66-8A93-83C1ACEB060D}.Release|Any CPU.Deploy.0 = Release|Any CPU
		{C062FC62-A600-4C66-8A93-83C1ACEB060D}.Release|ARM.ActiveCfg = Release|Any CPU
		{C062FC62-A600-4C66-8A93-83C1ACEB060D}.Release|ARM.Build.0 = Release|Any CPU
		{C062FC62-A600-4C66-8A93-83C1ACEB060D}.Release|ARM.Deploy.0 = Release|Any CPU
		{C062FC62-A600-4C66-8A93-83C1ACEB060D}.Release|iPhone.ActiveCfg = Release|Any CPU
		{C062FC62-A600-4C66-8A93-83C1ACEB060D}.Release|iPhone.Build.0 = Release|Any CPU
		{C062FC62-A600-4C66-8A93-83C1ACEB060D}.Release|iPhone.Deploy.0 = Release|Any CPU
		{C062FC62-A600-4C66-8A93-83C1ACEB060D}.Release|iPhoneSimulator.ActiveCfg = Release|Any CPU
		{C062FC62-A600-4C66-8A93-83C1ACEB060D}.Release|iPhoneSimulator.Build.0 = Release|Any CPU
		{C062FC62-A600-4C66-8A93-83C1ACEB060D}.Release|iPhoneSimulator.Deploy.0 = Release|Any CPU
		{C062FC62-A600-4C66-8A93-83C1ACEB060D}.Release|x64.ActiveCfg = Release|Any CPU
		{C062FC62-A600-4C66-8A93-83C1ACEB060D}.Release|x64.Build.0 = Release|Any CPU
		{C062FC62-A600-4C66-8A93-83C1ACEB060D}.Release|x64.Deploy.0 = Release|Any CPU
		{C062FC62-A600-4C66-8A93-83C1ACEB060D}.Release|x86.ActiveCfg = Release|Any CPU
		{C062FC62-A600-4C66-8A93-83C1ACEB060D}.Release|x86.Build.0 = Release|Any CPU
		{C062FC62-A600-4C66-8A93-83C1ACEB060D}.Release|x86.Deploy.0 = Release|Any CPU
		{888E8D8C-14FF-4D3D-A5A0-1264CD6F1064}.Ad-Hoc|Any CPU.ActiveCfg = Ad-Hoc|iPhone
		{888E8D8C-14FF-4D3D-A5A0-1264CD6F1064}.Ad-Hoc|ARM.ActiveCfg = Ad-Hoc|iPhone
		{888E8D8C-14FF-4D3D-A5A0-1264CD6F1064}.Ad-Hoc|iPhone.ActiveCfg = Ad-Hoc|iPhone
		{888E8D8C-14FF-4D3D-A5A0-1264CD6F1064}.Ad-Hoc|iPhone.Build.0 = Ad-Hoc|iPhone
		{888E8D8C-14FF-4D3D-A5A0-1264CD6F1064}.Ad-Hoc|iPhoneSimulator.ActiveCfg = Ad-Hoc|iPhoneSimulator
		{888E8D8C-14FF-4D3D-A5A0-1264CD6F1064}.Ad-Hoc|iPhoneSimulator.Build.0 = Ad-Hoc|iPhoneSimulator
		{888E8D8C-14FF-4D3D-A5A0-1264CD6F1064}.Ad-Hoc|x64.ActiveCfg = Ad-Hoc|iPhone
		{888E8D8C-14FF-4D3D-A5A0-1264CD6F1064}.Ad-Hoc|x86.ActiveCfg = Ad-Hoc|iPhone
		{888E8D8C-14FF-4D3D-A5A0-1264CD6F1064}.AppStore|Any CPU.ActiveCfg = AppStore|iPhone
		{888E8D8C-14FF-4D3D-A5A0-1264CD6F1064}.AppStore|ARM.ActiveCfg = AppStore|iPhone
		{888E8D8C-14FF-4D3D-A5A0-1264CD6F1064}.AppStore|iPhone.ActiveCfg = AppStore|iPhone
		{888E8D8C-14FF-4D3D-A5A0-1264CD6F1064}.AppStore|iPhone.Build.0 = AppStore|iPhone
		{888E8D8C-14FF-4D3D-A5A0-1264CD6F1064}.AppStore|iPhoneSimulator.ActiveCfg = AppStore|iPhoneSimulator
		{888E8D8C-14FF-4D3D-A5A0-1264CD6F1064}.AppStore|iPhoneSimulator.Build.0 = AppStore|iPhoneSimulator
		{888E8D8C-14FF-4D3D-A5A0-1264CD6F1064}.AppStore|x64.ActiveCfg = AppStore|iPhone
		{888E8D8C-14FF-4D3D-A5A0-1264CD6F1064}.AppStore|x86.ActiveCfg = AppStore|iPhone
		{888E8D8C-14FF-4D3D-A5A0-1264CD6F1064}.Debug|Any CPU.ActiveCfg = Debug|iPhone
		{888E8D8C-14FF-4D3D-A5A0-1264CD6F1064}.Debug|ARM.ActiveCfg = Debug|iPhone
		{888E8D8C-14FF-4D3D-A5A0-1264CD6F1064}.Debug|iPhone.ActiveCfg = Debug|iPhone
		{888E8D8C-14FF-4D3D-A5A0-1264CD6F1064}.Debug|iPhone.Build.0 = Debug|iPhone
		{888E8D8C-14FF-4D3D-A5A0-1264CD6F1064}.Debug|iPhoneSimulator.ActiveCfg = Debug|iPhoneSimulator
		{888E8D8C-14FF-4D3D-A5A0-1264CD6F1064}.Debug|iPhoneSimulator.Build.0 = Debug|iPhoneSimulator
		{888E8D8C-14FF-4D3D-A5A0-1264CD6F1064}.Debug|x64.ActiveCfg = Debug|iPhone
		{888E8D8C-14FF-4D3D-A5A0-1264CD6F1064}.Debug|x86.ActiveCfg = Debug|iPhone
		{888E8D8C-14FF-4D3D-A5A0-1264CD6F1064}.Release|Any CPU.ActiveCfg = Release|iPhone
		{888E8D8C-14FF-4D3D-A5A0-1264CD6F1064}.Release|ARM.ActiveCfg = Release|iPhone
		{888E8D8C-14FF-4D3D-A5A0-1264CD6F1064}.Release|iPhone.ActiveCfg = Release|iPhone
		{888E8D8C-14FF-4D3D-A5A0-1264CD6F1064}.Release|iPhone.Build.0 = Release|iPhone
		{888E8D8C-14FF-4D3D-A5A0-1264CD6F1064}.Release|iPhoneSimulator.ActiveCfg = Release|iPhoneSimulator
		{888E8D8C-14FF-4D3D-A5A0-1264CD6F1064}.Release|iPhoneSimulator.Build.0 = Release|iPhoneSimulator
		{888E8D8C-14FF-4D3D-A5A0-1264CD6F1064}.Release|x64.ActiveCfg = Release|iPhone
		{888E8D8C-14FF-4D3D-A5A0-1264CD6F1064}.Release|x86.ActiveCfg = Release|iPhone
		{E1435AF0-5749-44F8-8F32-1C930169E34D}.Ad-Hoc|Any CPU.ActiveCfg = Release|x86
		{E1435AF0-5749-44F8-8F32-1C930169E34D}.Ad-Hoc|Any CPU.Build.0 = Release|x86
		{E1435AF0-5749-44F8-8F32-1C930169E34D}.Ad-Hoc|Any CPU.Deploy.0 = Release|x86
		{E1435AF0-5749-44F8-8F32-1C930169E34D}.Ad-Hoc|ARM.ActiveCfg = Release|ARM
		{E1435AF0-5749-44F8-8F32-1C930169E34D}.Ad-Hoc|ARM.Build.0 = Release|ARM
		{E1435AF0-5749-44F8-8F32-1C930169E34D}.Ad-Hoc|ARM.Deploy.0 = Release|ARM
		{E1435AF0-5749-44F8-8F32-1C930169E34D}.Ad-Hoc|iPhone.ActiveCfg = Release|x86
		{E1435AF0-5749-44F8-8F32-1C930169E34D}.Ad-Hoc|iPhone.Build.0 = Release|x86
		{E1435AF0-5749-44F8-8F32-1C930169E34D}.Ad-Hoc|iPhone.Deploy.0 = Release|x86
		{E1435AF0-5749-44F8-8F32-1C930169E34D}.Ad-Hoc|iPhoneSimulator.ActiveCfg = Release|x86
		{E1435AF0-5749-44F8-8F32-1C930169E34D}.Ad-Hoc|iPhoneSimulator.Build.0 = Release|x86
		{E1435AF0-5749-44F8-8F32-1C930169E34D}.Ad-Hoc|iPhoneSimulator.Deploy.0 = Release|x86
		{E1435AF0-5749-44F8-8F32-1C930169E34D}.Ad-Hoc|x64.ActiveCfg = Release|x64
		{E1435AF0-5749-44F8-8F32-1C930169E34D}.Ad-Hoc|x64.Build.0 = Release|x64
		{E1435AF0-5749-44F8-8F32-1C930169E34D}.Ad-Hoc|x64.Deploy.0 = Release|x64
		{E1435AF0-5749-44F8-8F32-1C930169E34D}.Ad-Hoc|x86.ActiveCfg = Release|x86
		{E1435AF0-5749-44F8-8F32-1C930169E34D}.Ad-Hoc|x86.Build.0 = Release|x86
		{E1435AF0-5749-44F8-8F32-1C930169E34D}.Ad-Hoc|x86.Deploy.0 = Release|x86
		{E1435AF0-5749-44F8-8F32-1C930169E34D}.AppStore|Any CPU.ActiveCfg = Release|x86
		{E1435AF0-5749-44F8-8F32-1C930169E34D}.AppStore|Any CPU.Build.0 = Release|x86
		{E1435AF0-5749-44F8-8F32-1C930169E34D}.AppStore|Any CPU.Deploy.0 = Release|x86
		{E1435AF0-5749-44F8-8F32-1C930169E34D}.AppStore|ARM.ActiveCfg = Release|ARM
		{E1435AF0-5749-44F8-8F32-1C930169E34D}.AppStore|ARM.Build.0 = Release|ARM
		{E1435AF0-5749-44F8-8F32-1C930169E34D}.AppStore|ARM.Deploy.0 = Release|ARM
		{E1435AF0-5749-44F8-8F32-1C930169E34D}.AppStore|iPhone.ActiveCfg = Release|x86
		{E1435AF0-5749-44F8-8F32-1C930169E34D}.AppStore|iPhone.Build.0 = Release|x86
		{E1435AF0-5749-44F8-8F32-1C930169E34D}.AppStore|iPhone.Deploy.0 = Release|x86
		{E1435AF0-5749-44F8-8F32-1C930169E34D}.AppStore|iPhoneSimulator.ActiveCfg = Release|x86
		{E1435AF0-5749-44F8-8F32-1C930169E34D}.AppStore|iPhoneSimulator.Build.0 = Release|x86
		{E1435AF0-5749-44F8-8F32-1C930169E34D}.AppStore|iPhoneSimulator.Deploy.0 = Release|x86
		{E1435AF0-5749-44F8-8F32-1C930169E34D}.AppStore|x64.ActiveCfg = Release|x64
		{E1435AF0-5749-44F8-8F32-1C930169E34D}.AppStore|x64.Build.0 = Release|x64
		{E1435AF0-5749-44F8-8F32-1C930169E34D}.AppStore|x64.Deploy.0 = Release|x64
		{E1435AF0-5749-44F8-8F32-1C930169E34D}.AppStore|x86.ActiveCfg = Release|x86
		{E1435AF0-5749-44F8-8F32-1C930169E34D}.AppStore|x86.Build.0 = Release|x86
		{E1435AF0-5749-44F8-8F32-1C930169E34D}.AppStore|x86.Deploy.0 = Release|x86
		{E1435AF0-5749-44F8-8F32-1C930169E34D}.Debug|Any CPU.ActiveCfg = Debug|x86
		{E1435AF0-5749-44F8-8F32-1C930169E34D}.Debug|ARM.ActiveCfg = Debug|ARM
		{E1435AF0-5749-44F8-8F32-1C930169E34D}.Debug|ARM.Build.0 = Debug|ARM
		{E1435AF0-5749-44F8-8F32-1C930169E34D}.Debug|ARM.Deploy.0 = Debug|ARM
		{E1435AF0-5749-44F8-8F32-1C930169E34D}.Debug|iPhone.ActiveCfg = Debug|x86
		{E1435AF0-5749-44F8-8F32-1C930169E34D}.Debug|iPhoneSimulator.ActiveCfg = Debug|x86
		{E1435AF0-5749-44F8-8F32-1C930169E34D}.Debug|x64.ActiveCfg = Debug|x64
		{E1435AF0-5749-44F8-8F32-1C930169E34D}.Debug|x64.Build.0 = Debug|x64
		{E1435AF0-5749-44F8-8F32-1C930169E34D}.Debug|x64.Deploy.0 = Debug|x64
		{E1435AF0-5749-44F8-8F32-1C930169E34D}.Debug|x86.ActiveCfg = Debug|x86
		{E1435AF0-5749-44F8-8F32-1C930169E34D}.Debug|x86.Build.0 = Debug|x86
		{E1435AF0-5749-44F8-8F32-1C930169E34D}.Debug|x86.Deploy.0 = Debug|x86
		{E1435AF0-5749-44F8-8F32-1C930169E34D}.Release|Any CPU.ActiveCfg = Release|x86
		{E1435AF0-5749-44F8-8F32-1C930169E34D}.Release|ARM.ActiveCfg = Release|ARM
		{E1435AF0-5749-44F8-8F32-1C930169E34D}.Release|ARM.Build.0 = Release|ARM
		{E1435AF0-5749-44F8-8F32-1C930169E34D}.Release|ARM.Deploy.0 = Release|ARM
		{E1435AF0-5749-44F8-8F32-1C930169E34D}.Release|iPhone.ActiveCfg = Release|x86
		{E1435AF0-5749-44F8-8F32-1C930169E34D}.Release|iPhoneSimulator.ActiveCfg = Release|x86
		{E1435AF0-5749-44F8-8F32-1C930169E34D}.Release|x64.ActiveCfg = Release|x64
		{E1435AF0-5749-44F8-8F32-1C930169E34D}.Release|x64.Build.0 = Release|x64
		{E1435AF0-5749-44F8-8F32-1C930169E34D}.Release|x64.Deploy.0 = Release|x64
		{E1435AF0-5749-44F8-8F32-1C930169E34D}.Release|x86.ActiveCfg = Release|x86
		{E1435AF0-5749-44F8-8F32-1C930169E34D}.Release|x86.Build.0 = Release|x86
		{E1435AF0-5749-44F8-8F32-1C930169E34D}.Release|x86.Deploy.0 = Release|x86
		{B3CC5640-2B1E-4828-A1E4-E914E5FFE361}.Ad-Hoc|Any CPU.ActiveCfg = Debug|Any CPU
		{B3CC5640-2B1E-4828-A1E4-E914E5FFE361}.Ad-Hoc|Any CPU.Build.0 = Debug|Any CPU
		{B3CC5640-2B1E-4828-A1E4-E914E5FFE361}.Ad-Hoc|ARM.ActiveCfg = Debug|Any CPU
		{B3CC5640-2B1E-4828-A1E4-E914E5FFE361}.Ad-Hoc|ARM.Build.0 = Debug|Any CPU
		{B3CC5640-2B1E-4828-A1E4-E914E5FFE361}.Ad-Hoc|iPhone.ActiveCfg = Debug|Any CPU
		{B3CC5640-2B1E-4828-A1E4-E914E5FFE361}.Ad-Hoc|iPhone.Build.0 = Debug|Any CPU
		{B3CC5640-2B1E-4828-A1E4-E914E5FFE361}.Ad-Hoc|iPhoneSimulator.ActiveCfg = Debug|Any CPU
		{B3CC5640-2B1E-4828-A1E4-E914E5FFE361}.Ad-Hoc|iPhoneSimulator.Build.0 = Debug|Any CPU
		{B3CC5640-2B1E-4828-A1E4-E914E5FFE361}.Ad-Hoc|x64.ActiveCfg = Debug|Any CPU
		{B3CC5640-2B1E-4828-A1E4-E914E5FFE361}.Ad-Hoc|x64.Build.0 = Debug|Any CPU
		{B3CC5640-2B1E-4828-A1E4-E914E5FFE361}.Ad-Hoc|x86.ActiveCfg = Debug|Any CPU
		{B3CC5640-2B1E-4828-A1E4-E914E5FFE361}.Ad-Hoc|x86.Build.0 = Debug|Any CPU
		{B3CC5640-2B1E-4828-A1E4-E914E5FFE361}.AppStore|Any CPU.ActiveCfg = Debug|Any CPU
		{B3CC5640-2B1E-4828-A1E4-E914E5FFE361}.AppStore|Any CPU.Build.0 = Debug|Any CPU
		{B3CC5640-2B1E-4828-A1E4-E914E5FFE361}.AppStore|ARM.ActiveCfg = Debug|Any CPU
		{B3CC5640-2B1E-4828-A1E4-E914E5FFE361}.AppStore|ARM.Build.0 = Debug|Any CPU
		{B3CC5640-2B1E-4828-A1E4-E914E5FFE361}.AppStore|iPhone.ActiveCfg = Debug|Any CPU
		{B3CC5640-2B1E-4828-A1E4-E914E5FFE361}.AppStore|iPhone.Build.0 = Debug|Any CPU
		{B3CC5640-2B1E-4828-A1E4-E914E5FFE361}.AppStore|iPhoneSimulator.ActiveCfg = Debug|Any CPU
		{B3CC5640-2B1E-4828-A1E4-E914E5FFE361}.AppStore|iPhoneSimulator.Build.0 = Debug|Any CPU
		{B3CC5640-2B1E-4828-A1E4-E914E5FFE361}.AppStore|x64.ActiveCfg = Debug|Any CPU
		{B3CC5640-2B1E-4828-A1E4-E914E5FFE361}.AppStore|x64.Build.0 = Debug|Any CPU
		{B3CC5640-2B1E-4828-A1E4-E914E5FFE361}.AppStore|x86.ActiveCfg = Debug|Any CPU
		{B3CC5640-2B1E-4828-A1E4-E914E5FFE361}.AppStore|x86.Build.0 = Debug|Any CPU
		{B3CC5640-2B1E-4828-A1E4-E914E5FFE361}.Debug|Any CPU.ActiveCfg = Debug|Any CPU
		{B3CC5640-2B1E-4828-A1E4-E914E5FFE361}.Debug|Any CPU.Build.0 = Debug|Any CPU
		{B3CC5640-2B1E-4828-A1E4-E914E5FFE361}.Debug|ARM.ActiveCfg = Debug|Any CPU
		{B3CC5640-2B1E-4828-A1E4-E914E5FFE361}.Debug|ARM.Build.0 = Debug|Any CPU
		{B3CC5640-2B1E-4828-A1E4-E914E5FFE361}.Debug|iPhone.ActiveCfg = Debug|Any CPU
		{B3CC5640-2B1E-4828-A1E4-E914E5FFE361}.Debug|iPhone.Build.0 = Debug|Any CPU
		{B3CC5640-2B1E-4828-A1E4-E914E5FFE361}.Debug|iPhoneSimulator.ActiveCfg = Debug|Any CPU
		{B3CC5640-2B1E-4828-A1E4-E914E5FFE361}.Debug|iPhoneSimulator.Build.0 = Debug|Any CPU
		{B3CC5640-2B1E-4828-A1E4-E914E5FFE361}.Debug|x64.ActiveCfg = Debug|Any CPU
		{B3CC5640-2B1E-4828-A1E4-E914E5FFE361}.Debug|x64.Build.0 = Debug|Any CPU
		{B3CC5640-2B1E-4828-A1E4-E914E5FFE361}.Debug|x86.ActiveCfg = Debug|Any CPU
		{B3CC5640-2B1E-4828-A1E4-E914E5FFE361}.Debug|x86.Build.0 = Debug|Any CPU
		{B3CC5640-2B1E-4828-A1E4-E914E5FFE361}.Release|Any CPU.ActiveCfg = Release|Any CPU
		{B3CC5640-2B1E-4828-A1E4-E914E5FFE361}.Release|Any CPU.Build.0 = Release|Any CPU
		{B3CC5640-2B1E-4828-A1E4-E914E5FFE361}.Release|ARM.ActiveCfg = Release|Any CPU
		{B3CC5640-2B1E-4828-A1E4-E914E5FFE361}.Release|ARM.Build.0 = Release|Any CPU
		{B3CC5640-2B1E-4828-A1E4-E914E5FFE361}.Release|iPhone.ActiveCfg = Release|Any CPU
		{B3CC5640-2B1E-4828-A1E4-E914E5FFE361}.Release|iPhone.Build.0 = Release|Any CPU
		{B3CC5640-2B1E-4828-A1E4-E914E5FFE361}.Release|iPhoneSimulator.ActiveCfg = Release|Any CPU
		{B3CC5640-2B1E-4828-A1E4-E914E5FFE361}.Release|iPhoneSimulator.Build.0 = Release|Any CPU
		{B3CC5640-2B1E-4828-A1E4-E914E5FFE361}.Release|x64.ActiveCfg = Release|Any CPU
		{B3CC5640-2B1E-4828-A1E4-E914E5FFE361}.Release|x64.Build.0 = Release|Any CPU
		{B3CC5640-2B1E-4828-A1E4-E914E5FFE361}.Release|x86.ActiveCfg = Release|Any CPU
		{B3CC5640-2B1E-4828-A1E4-E914E5FFE361}.Release|x86.Build.0 = Release|Any CPU
	EndGlobalSection
	GlobalSection(SolutionProperties) = preSolution
		HideSolutionNode = FALSE
	EndGlobalSection
	GlobalSection(ExtensibilityGlobals) = postSolution
		SolutionGuid = {E58BA0A9-161E-41E2-B1C8-2D70D288E5A5}
	EndGlobalSection
EndGlobal
